
Microsoft Visual Studio Solution File, Format Version 12.00
# Visual Studio Version 17
VisualStudioVersion = 17.11.35303.130
MinimumVisualStudioVersion = 10.0.40219.1
Project("{FAE04EC0-301F-11D3-BF4B-00C04F79EFBC}") = "Algoritms-Lab3", "Algoritms-Lab3\Algoritms-Lab3.csproj", "{034C3DD0-CEBB-4DA0-914B-A196BC453E89}"
EndProject
Global
	GlobalSection(SolutionConfigurationPlatforms) = preSolution
		Debug|Any CPU = Debug|Any CPU
		Release|Any CPU = Release|Any CPU
	EndGlobalSection
	GlobalSection(ProjectConfigurationPlatforms) = postSolution
		{034C3DD0-CEBB-4DA0-914B-A196BC453E89}.Debug|Any CPU.ActiveCfg = Debug|Any CPU
		{034C3DD0-CEBB-4DA0-914B-A196BC453E89}.Debug|Any CPU.Build.0 = Debug|Any CPU
		{034C3DD0-CEBB-4DA0-914B-A196BC453E89}.Release|Any CPU.ActiveCfg = Release|Any CPU
		{034C3DD0-CEBB-4DA0-914B-A196BC453E89}.Release|Any CPU.Build.0 = Release|Any CPU
	EndGlobalSection
	GlobalSection(SolutionProperties) = preSolution
		HideSolutionNode = FALSE
	EndGlobalSection
	GlobalSection(ExtensibilityGlobals) = postSolution
		SolutionGuid = {EFCB90F9-399E-4D24-93B6-BCF71992834D}
	EndGlobalSection
EndGlobal
